
Microsoft Visual Studio Solution File, Format Version 12.00
# Visual Studio 2012
Project("{FAE04EC0-301F-11D3-BF4B-00C04F79EFBC}") = "Chap5.StatePattern", "Chap5.StatePattern\Chap5.StatePattern.csproj", "{5110488E-1F36-43CD-8A08-6495769F1248}"
EndProject
Project("{2150E333-8FDC-42A3-9474-1A3956D46DE8}") = "Solution Items", "Solution Items", "{65924626-D952-41D9-AE92-05B73143C0F5}"
	ProjectSection(SolutionItems) = preProject
		readme.txt = readme.txt
	EndProjectSection
EndProject
Global
	GlobalSection(SolutionConfigurationPlatforms) = preSolution
		Debug|Any CPU = Debug|Any CPU
		Release|Any CPU = Release|Any CPU
	EndGlobalSection
	GlobalSection(ProjectConfigurationPlatforms) = postSolution
		{5110488E-1F36-43CD-8A08-6495769F1248}.Debug|Any CPU.ActiveCfg = Debug|Any CPU
		{5110488E-1F36-43CD-8A08-6495769F1248}.Debug|Any CPU.Build.0 = Debug|Any CPU
		{5110488E-1F36-43CD-8A08-6495769F1248}.Release|Any CPU.ActiveCfg = Release|Any CPU
		{5110488E-1F36-43CD-8A08-6495769F1248}.Release|Any CPU.Build.0 = Release|Any CPU
	EndGlobalSection
	GlobalSection(SolutionProperties) = preSolution
		HideSolutionNode = FALSE
	EndGlobalSection
EndGlobal
